
Microsoft Visual Studio Solution File, Format Version 12.00
# Visual Studio Version 16
VisualStudioVersion = 16.0.29306.81
MinimumVisualStudioVersion = 10.0.40219.1
Project("{FAE04EC0-301F-11D3-BF4B-00C04F79EFBC}") = "31laba.1", "31laba.1\31laba.1.csproj", "{F0ECB70A-7EA4-47E2-AAD9-3A78150A7F26}"
EndProject
Global
	GlobalSection(SolutionConfigurationPlatforms) = preSolution
		Debug|Any CPU = Debug|Any CPU
		Release|Any CPU = Release|Any CPU
	EndGlobalSection
	GlobalSection(ProjectConfigurationPlatforms) = postSolution
		{F0ECB70A-7EA4-47E2-AAD9-3A78150A7F26}.Debug|Any CPU.ActiveCfg = Debug|Any CPU
		{F0ECB70A-7EA4-47E2-AAD9-3A78150A7F26}.Debug|Any CPU.Build.0 = Debug|Any CPU
		{F0ECB70A-7EA4-47E2-AAD9-3A78150A7F26}.Release|Any CPU.ActiveCfg = Release|Any CPU
		{F0ECB70A-7EA4-47E2-AAD9-3A78150A7F26}.Release|Any CPU.Build.0 = Release|Any CPU
	EndGlobalSection
	GlobalSection(SolutionProperties) = preSolution
		HideSolutionNode = FALSE
	EndGlobalSection
	GlobalSection(ExtensibilityGlobals) = postSolution
		SolutionGuid = {1592CE77-E07E-4338-A1A4-73E97C905BC2}
	EndGlobalSection
EndGlobal
